# THIS IS AN AUTOGENERATED FILE. DO NOT EDIT THIS FILE DIRECTLY.
# yarn lockfile v1


"turbo-darwin-arm64@1.4.3":
  "integrity" "sha512-XUe6FTsHamEH7FfNslYYO04yecAaguhZuwW4kE9B/BAP8MUYsmVqONauLPyE/YqM6pf2K0xwVe+RlEGf53CWbg=="
  "resolved" "https://registry.npmjs.org/turbo-darwin-arm64/-/turbo-darwin-arm64-1.4.3.tgz"
  "version" "1.4.3"

"turbo@^1.4.3":
  "integrity" "sha512-g08eD2HdO/XW5xGHnXr0cXGiWnrgFBI6pN/3u0EOTeerKAsWIZU0ZrpSnl3whRtImeBB/gQu7Eu1waM2VOxzgw=="
  "resolved" "https://registry.npmjs.org/turbo/-/turbo-1.4.3.tgz"
  "version" "1.4.3"
  optionalDependencies:
    "turbo-android-arm64" "1.4.3"
    "turbo-darwin-64" "1.4.3"
    "turbo-darwin-arm64" "1.4.3"
    "turbo-freebsd-64" "1.4.3"
    "turbo-freebsd-arm64" "1.4.3"
    "turbo-linux-32" "1.4.3"
    "turbo-linux-64" "1.4.3"
    "turbo-linux-arm" "1.4.3"
    "turbo-linux-arm64" "1.4.3"
    "turbo-linux-mips64le" "1.4.3"
    "turbo-linux-ppc64le" "1.4.3"
    "turbo-windows-32" "1.4.3"
    "turbo-windows-64" "1.4.3"
    "turbo-windows-arm64" "1.4.3"
